{
  "requires": true,
  "lockfileVersion": 1,
  "dependencies": {
    "@nwisbeta/dhew-mocks": {
      "version": "0.0.4",
      "resolved": "https://npm.pkg.github.com/download/@nwisbeta/dhew-mocks/0.0.4/d70936d510eececf75253d391677f46fffebac29e96ed6a5d69405c235fb74f9",
      "integrity": "sha512-WAwWzgM2h8tyZvECs1BjrdR9D7tpCS1NGoQMi1nqj+YN/l3Yn9vYHs4679ld70jxBmoBqqfNKLYiEylXhrhbgg==",
      "requires": {
        "xmldom": "^0.4.0",
        "xpath": "0.0.32"
      }
    },
    "node-forge": {
      "version": "0.10.0",
      "resolved": "https://registry.npmjs.org/node-forge/-/node-forge-0.10.0.tgz",
      "integrity": "sha512-PPmu8eEeG9saEUvI97fm4OYxXVB6bFvyNTyiUOBichBpFG8A1Ljw3bY62+5oOjDEMHRnd0Y7HQ+x7uzxOzC6JA=="
    },
    "xmldom": {
      "version": "0.4.0",
      "resolved": "https://registry.npmjs.org/xmldom/-/xmldom-0.4.0.tgz",
      "integrity": "sha512-2E93k08T30Ugs+34HBSTQLVtpi6mCddaY8uO+pMNk1pqSjV5vElzn4mmh6KLxN3hki8rNcHSYzILoh3TEWORvA=="
    },
    "xpath": {
      "version": "0.0.32",
      "resolved": "https://registry.npmjs.org/xpath/-/xpath-0.0.32.tgz",
      "integrity": "sha512-rxMJhSIoiO8vXcWvSifKqhvV96GjiD5wYb8/QHdoRyQvraTpp4IEv944nhGausZZ3u7dhQXteZuZbaqfpB7uYw=="
    }
  }
}
